// !$*UTF8*$!
{
	archiveVersion = 1;
	classes = {
	};
	objectVersion = 56;
	objects = {

/* Begin PBXBuildFile section */
		5D6213172933A031007E119B /* Webservice.swift in Sources */ = {isa = PBXBuildFile; fileRef = 5D6213162933A031007E119B /* Webservice.swift */; };
		5D6213192933A3FD007E119B /* CryptoViewModel.swift in Sources */ = {isa = PBXBuildFile; fileRef = 5D6213182933A3FD007E119B /* CryptoViewModel.swift */; };
		5DD4E7FF29339E4D0014FD9A /* CryptoCurrency.swift in Sources */ = {isa = PBXBuildFile; fileRef = 5DD4E7FE29339E4D0014FD9A /* CryptoCurrency.swift */; };
		5DF76C5129339D6B0030C089 /* Kripto_SwiftUIApp.swift in Sources */ = {isa = PBXBuildFile; fileRef = 5DF76C5029339D6B0030C089 /* Kripto_SwiftUIApp.swift */; };
		5DF76C5329339D6B0030C089 /* MainView.swift in Sources */ = {isa = PBXBuildFile; fileRef = 5DF76C5229339D6B0030C089 /* MainView.swift */; };
		5DF76C5529339D6C0030C089 /* Assets.xcassets in Resources */ = {isa = PBXBuildFile; fileRef = 5DF76C5429339D6C0030C089 /* Assets.xcassets */; };
		5DF76C5829339D6C0030C089 /* Preview Assets.xcassets in Resources */ = {isa = PBXBuildFile; fileRef = 5DF76C5729339D6C0030C089 /* Preview Assets.xcassets */; };
/* End PBXBuildFile section */

/* Begin PBXFileReference section */
		5D6213162933A031007E119B /* Webservice.swift */ = {isa = PBXFileReference; lastKnownFileType = sourcecode.swift; path = Webservice.swift; sourceTree = "<group>"; };
		5D6213182933A3FD007E119B /* CryptoViewModel.swift */ = {isa = PBXFileReference; lastKnownFileType = sourcecode.swift; path = CryptoViewModel.swift; sourceTree = "<group>"; };
		5DD4E7FE29339E4D0014FD9A /* CryptoCurrency.swift */ = {isa = PBXFileReference; lastKnownFileType = sourcecode.swift; path = CryptoCurrency.swift; sourceTree = "<group>"; };
		5DF76C4D29339D6B0030C089 /* Kripto SwiftUI.app */ = {isa = PBXFileReference; explicitFileType = wrapper.application; includeInIndex = 0; path = "Kripto SwiftUI.app"; sourceTree = BUILT_PRODUCTS_DIR; };
		5DF76C5029339D6B0030C089 /* Kripto_SwiftUIApp.swift */ = {isa = PBXFileReference; lastKnownFileType = sourcecode.swift; path = Kripto_SwiftUIApp.swift; sourceTree = "<group>"; };
		5DF76C5229339D6B0030C089 /* MainView.swift */ = {isa = PBXFileReference; lastKnownFileType = sourcecode.swift; path = MainView.swift; sourceTree = "<group>"; };
		5DF76C5429339D6C0030C089 /* Assets.xcassets */ = {isa = PBXFileReference; lastKnownFileType = folder.assetcatalog; path = Assets.xcassets; sourceTree = "<group>"; };
		5DF76C5729339D6C0030C089 /* Preview Assets.xcassets */ = {isa = PBXFileReference; lastKnownFileType = folder.assetcatalog; path = "Preview Assets.xcassets"; sourceTree = "<group>"; };
/* End PBXFileReference section */

/* Begin PBXFrameworksBuildPhase section */
		5DF76C4A29339D6B0030C089 /* Frameworks */ = {
			isa = PBXFrameworksBuildPhase;
			buildActionMask = 2147483647;
			files = (
			);
			runOnlyForDeploymentPostprocessing = 0;
		};
/* End PBXFrameworksBuildPhase section */

/* Begin PBXGroup section */
		5DD4E7FA29339E2E0014FD9A /* Model */ = {
			isa = PBXGroup;
			children = (
				5DD4E7FE29339E4D0014FD9A /* CryptoCurrency.swift */,
			);
			path = Model;
			sourceTree = "<group>";
		};
		5DD4E7FB29339E330014FD9A /* View */ = {
			isa = PBXGroup;
			children = (
				5DF76C5229339D6B0030C089 /* MainView.swift */,
			);
			path = View;
			sourceTree = "<group>";
		};
		5DD4E7FC29339E360014FD9A /* ViewModel */ = {
			isa = PBXGroup;
			children = (
				5D6213182933A3FD007E119B /* CryptoViewModel.swift */,
			);
			path = ViewModel;
			sourceTree = "<group>";
		};
		5DD4E7FD29339E3C0014FD9A /* Service */ = {
			isa = PBXGroup;
			children = (
				5D6213162933A031007E119B /* Webservice.swift */,
			);
			path = Service;
			sourceTree = "<group>";
		};
		5DF76C4429339D6B0030C089 = {
			isa = PBXGroup;
			children = (
				5DF76C4F29339D6B0030C089 /* Kripto SwiftUI */,
				5DF76C4E29339D6B0030C089 /* Products */,
			);
			sourceTree = "<group>";
		};
		5DF76C4E29339D6B0030C089 /* Products */ = {
			isa = PBXGroup;
			children = (
				5DF76C4D29339D6B0030C089 /* Kripto SwiftUI.app */,
			);
			name = Products;
			sourceTree = "<group>";
		};
		5DF76C4F29339D6B0030C089 /* Kripto SwiftUI */ = {
			isa = PBXGroup;
			children = (
				5DD4E7FD29339E3C0014FD9A /* Service */,
				5DD4E7FC29339E360014FD9A /* ViewModel */,
				5DD4E7FB29339E330014FD9A /* View */,
				5DD4E7FA29339E2E0014FD9A /* Model */,
				5DF76C5029339D6B0030C089 /* Kripto_SwiftUIApp.swift */,
				5DF76C5429339D6C0030C089 /* Assets.xcassets */,
				5DF76C5629339D6C0030C089 /* Preview Content */,
			);
			path = "Kripto SwiftUI";
			sourceTree = "<group>";
		};
		5DF76C5629339D6C0030C089 /* Preview Content */ = {
			isa = PBXGroup;
			children = (
				5DF76C5729339D6C0030C089 /* Preview Assets.xcassets */,
			);
			path = "Preview Content";
			sourceTree = "<group>";
		};
/* End PBXGroup section */

/* Begin PBXNativeTarget section */
		5DF76C4C29339D6B0030C089 /* Kripto SwiftUI */ = {
			isa = PBXNativeTarget;
			buildConfigurationList = 5DF76C5B29339D6C0030C089 /* Build configuration list for PBXNativeTarget "Kripto SwiftUI" */;
			buildPhases = (
				5DF76C4929339D6B0030C089 /* Sources */,
				5DF76C4A29339D6B0030C089 /* Frameworks */,
				5DF76C4B29339D6B0030C089 /* Resources */,
			);
			buildRules = (
			);
			dependencies = (
			);
			name = "Kripto SwiftUI";
			productName = "Kripto SwiftUI";
			productReference = 5DF76C4D29339D6B0030C089 /* Kripto SwiftUI.app */;
			productType = "com.apple.product-type.application";
		};
/* End PBXNativeTarget section */

/* Begin PBXProject section */
		5DF76C4529339D6B0030C089 /* Project object */ = {
			isa = PBXProject;
			attributes = {
				BuildIndependentTargetsInParallel = 1;
				LastSwiftUpdateCheck = 1410;
				LastUpgradeCheck = 1410;
				TargetAttributes = {
					5DF76C4C29339D6B0030C089 = {
						CreatedOnToolsVersion = 14.1;
					};
				};
			};
			buildConfigurationList = 5DF76C4829339D6B0030C089 /* Build configuration list for PBXProject "Kripto SwiftUI" */;
			compatibilityVersion = "Xcode 14.0";
			developmentRegion = en;
			hasScannedForEncodings = 0;
			knownRegions = (
				en,
				Base,
			);
			mainGroup = 5DF76C4429339D6B0030C089;
			productRefGroup = 5DF76C4E29339D6B0030C089 /* Products */;
			projectDirPath = "";
			projectRoot = "";
			targets = (
				5DF76C4C29339D6B0030C089 /* Kripto SwiftUI */,
			);
		};
/* End PBXProject section */

/* Begin PBXResourcesBuildPhase section */
		5DF76C4B29339D6B0030C089 /* Resources */ = {
			isa = PBXResourcesBuildPhase;
			buildActionMask = 2147483647;
			files = (
				5DF76C5829339D6C0030C089 /* Preview Assets.xcassets in Resources */,
				5DF76C5529339D6C0030C089 /* Assets.xcassets in Resources */,
			);
			runOnlyForDeploymentPostprocessing = 0;
		};
/* End PBXResourcesBuildPhase section */

/* Begin PBXSourcesBuildPhase section */
		5DF76C4929339D6B0030C089 /* Sources */ = {
			isa = PBXSourcesBuildPhase;
			buildActionMask = 2147483647;
			files = (
				5D6213192933A3FD007E119B /* CryptoViewModel.swift in Sources */,
				5DD4E7FF29339E4D0014FD9A /* CryptoCurrency.swift in Sources */,
				5DF76C5329339D6B0030C089 /* MainView.swift in Sources */,
				5D6213172933A031007E119B /* Webservice.swift in Sources */,
				5DF76C5129339D6B0030C089 /* Kripto_SwiftUIApp.swift in Sources */,
			);
			runOnlyForDeploymentPostprocessing = 0;
		};
/* End PBXSourcesBuildPhase section */

/* Begin XCBuildConfiguration section */
		5DF76C5929339D6C0030C089 /* Debug */ = {
			isa = XCBuildConfiguration;
			buildSettings = {
				ALWAYS_SEARCH_USER_PATHS = NO;
				CLANG_ANALYZER_NONNULL = YES;
				CLANG_ANALYZER_NUMBER_OBJECT_CONVERSION = YES_AGGRESSIVE;
				CLANG_CXX_LANGUAGE_STANDARD = "gnu++20";
				CLANG_ENABLE_MODULES = YES;
				CLANG_ENABLE_OBJC_ARC = YES;
				CLANG_ENABLE_OBJC_WEAK = YES;
				CLANG_WARN_BLOCK_CAPTURE_AUTORELEASING = YES;
				CLANG_WARN_BOOL_CONVERSION = YES;
				CLANG_WARN_COMMA = YES;
				CLANG_WARN_CONSTANT_CONVERSION = YES;
				CLANG_WARN_DEPRECATED_OBJC_IMPLEMENTATIONS = YES;
				CLANG_WARN_DIRECT_OBJC_ISA_USAGE = YES_ERROR;
				CLANG_WARN_DOCUMENTATION_COMMENTS = YES;
				CLANG_WARN_EMPTY_BODY = YES;
				CLANG_WARN_ENUM_CONVERSION = YES;
				CLANG_WARN_INFINITE_RECURSION = YES;
				CLANG_WARN_INT_CONVERSION = YES;
				CLANG_WARN_NON_LITERAL_NULL_CONVERSION = YES;
				CLANG_WARN_OBJC_IMPLICIT_RETAIN_SELF = YES;
				CLANG_WARN_OBJC_LITERAL_CONVERSION = YES;
				CLANG_WARN_OBJC_ROOT_CLASS = YES_ERROR;
				CLANG_WARN_QUOTED_INCLUDE_IN_FRAMEWORK_HEADER = YES;
				CLANG_WARN_RANGE_LOOP_ANALYSIS = YES;
				CLANG_WARN_STRICT_PROTOTYPES = YES;
				CLANG_WARN_SUSPICIOUS_MOVE = YES;
				CLANG_WARN_UNGUARDED_AVAILABILITY = YES_AGGRESSIVE;
				CLANG_WARN_UNREACHABLE_CODE = YES;
				CLANG_WARN__DUPLICATE_METHOD_MATCH = YES;
				COPY_PHASE_STRIP = NO;
				DEBUG_INFORMATION_FORMAT = dwarf;
				ENABLE_STRICT_OBJC_MSGSEND = YES;
				ENABLE_TESTABILITY = YES;
				GCC_C_LANGUAGE_STANDARD = gnu11;
				GCC_DYNAMIC_NO_PIC = NO;
				GCC_NO_COMMON_BLOCKS = YES;
				GCC_OPTIMIZATION_LEVEL = 0;
				GCC_PREPROCESSOR_DEFINITIONS = (
					"DEBUG=1",
					"$(inherited)",
				);
				GCC_WARN_64_TO_32_BIT_CONVERSION = YES;
				GCC_WARN_ABOUT_RETURN_TYPE = YES_ERROR;
				GCC_WARN_UNDECLARED_SELECTOR = YES;
				GCC_WARN_UNINITIALIZED_AUTOS = YES_AGGRESSIVE;
				GCC_WARN_UNUSED_FUNCTION = YES;
				GCC_WARN_UNUSED_VARIABLE = YES;
				IPHONEOS_DEPLOYMENT_TARGET = 16.1;
				MTL_ENABLE_DEBUG_INFO = INCLUDE_SOURCE;
				MTL_FAST_MATH = YES;
				ONLY_ACTIVE_ARCH = YES;
				SDKROOT = iphoneos;
				SWIFT_ACTIVE_COMPILATION_CONDITIONS = DEBUG;
				SWIFT_OPTIMIZATION_LEVEL = "-Onone";
			};
			name = Debug;
		};
		5DF76C5A29339D6C0030C089 /* Release */ = {
			isa = XCBuildConfiguration;
			buildSettings = {
				ALWAYS_SEARCH_USER_PATHS = NO;
				CLANG_ANALYZER_NONNULL = YES;
				CLANG_ANALYZER_NUMBER_OBJECT_CONVERSION = YES_AGGRESSIVE;
				CLANG_CXX_LANGUAGE_STANDARD = "gnu++20";
				CLANG_ENABLE_MODULES = YES;
				CLANG_ENABLE_OBJC_ARC = YES;
				CLANG_ENABLE_OBJC_WEAK = YES;
				CLANG_WARN_BLOCK_CAPTURE_AUTORELEASING = YES;
				CLANG_WARN_BOOL_CONVERSION = YES;
				CLANG_WARN_COMMA = YES;
				CLANG_WARN_CONSTANT_CONVERSION = YES;
				CLANG_WARN_DEPRECATED_OBJC_IMPLEMENTATIONS = YES;
				CLANG_WARN_DIRECT_OBJC_ISA_USAGE = YES_ERROR;
				CLANG_WARN_DOCUMENTATION_COMMENTS = YES;
				CLANG_WARN_EMPTY_BODY = YES;
				CLANG_WARN_ENUM_CONVERSION = YES;
				CLANG_WARN_INFINITE_RECURSION = YES;
				CLANG_WARN_INT_CONVERSION = YES;
				CLANG_WARN_NON_LITERAL_NULL_CONVERSION = YES;
				CLANG_WARN_OBJC_IMPLICIT_RETAIN_SELF = YES;
				CLANG_WARN_OBJC_LITERAL_CONVERSION = YES;
				CLANG_WARN_OBJC_ROOT_CLASS = YES_ERROR;
				CLANG_WARN_QUOTED_INCLUDE_IN_FRAMEWORK_HEADER = YES;
				CLANG_WARN_RANGE_LOOP_ANALYSIS = YES;
				CLANG_WARN_STRICT_PROTOTYPES = YES;
				CLANG_WARN_SUSPICIOUS_MOVE = YES;
				CLANG_WARN_UNGUARDED_AVAILABILITY = YES_AGGRESSIVE;
				CLANG_WARN_UNREACHABLE_CODE = YES;
				CLANG_WARN__DUPLICATE_METHOD_MATCH = YES;
				COPY_PHASE_STRIP = NO;
				DEBUG_INFORMATION_FORMAT = "dwarf-with-dsym";
				ENABLE_NS_ASSERTIONS = NO;
				ENABLE_STRICT_OBJC_MSGSEND = YES;
				GCC_C_LANGUAGE_STANDARD = gnu11;
				GCC_NO_COMMON_BLOCKS = YES;
				GCC_WARN_64_TO_32_BIT_CONVERSION = YES;
				GCC_WARN_ABOUT_RETURN_TYPE = YES_ERROR;
				GCC_WARN_UNDECLARED_SELECTOR = YES;
				GCC_WARN_UNINITIALIZED_AUTOS = YES_AGGRESSIVE;
				GCC_WARN_UNUSED_FUNCTION = YES;
				GCC_WARN_UNUSED_VARIABLE = YES;
				IPHONEOS_DEPLOYMENT_TARGET = 16.1;
				MTL_ENABLE_DEBUG_INFO = NO;
				MTL_FAST_MATH = YES;
				SDKROOT = iphoneos;
				SWIFT_COMPILATION_MODE = wholemodule;
				SWIFT_OPTIMIZATION_LEVEL = "-O";
				VALIDATE_PRODUCT = YES;
			};
			name = Release;
		};
		5DF76C5C29339D6C0030C089 /* Debug */ = {
			isa = XCBuildConfiguration;
			buildSettings = {
				ASSETCATALOG_COMPILER_APPICON_NAME = AppIcon;
				ASSETCATALOG_COMPILER_GLOBAL_ACCENT_COLOR_NAME = AccentColor;
				CODE_SIGN_STYLE = Automatic;
				CURRENT_PROJECT_VERSION = 1;
				DEVELOPMENT_ASSET_PATHS = "\"Kripto SwiftUI/Preview Content\"";
				DEVELOPMENT_TEAM = 98S838N7Z3;
				ENABLE_PREVIEWS = YES;
				GENERATE_INFOPLIST_FILE = YES;
				INFOPLIST_KEY_UIApplicationSceneManifest_Generation = YES;
				INFOPLIST_KEY_UIApplicationSupportsIndirectInputEvents = YES;
				INFOPLIST_KEY_UILaunchScreen_Generation = YES;
				INFOPLIST_KEY_UISupportedInterfaceOrientations_iPad = "UIInterfaceOrientationPortrait UIInterfaceOrientationPortraitUpsideDown UIInterfaceOrientationLandscapeLeft UIInterfaceOrientationLandscapeRight";
				INFOPLIST_KEY_UISupportedInterfaceOrientations_iPhone = "UIInterfaceOrientationPortrait UIInterfaceOrientationLandscapeLeft UIInterfaceOrientationLandscapeRight";
				LD_RUNPATH_SEARCH_PATHS = (
					"$(inherited)",
					"@executable_path/Frameworks",
				);
				MARKETING_VERSION = 1.0;
				PRODUCT_BUNDLE_IDENTIFIER = "com.noyancepikkurt.Kripto-SwiftUI";
				PRODUCT_NAME = "$(TARGET_NAME)";
				SWIFT_EMIT_LOC_STRINGS = YES;
				SWIFT_VERSION = 5.0;
				TARGETED_DEVICE_FAMILY = "1,2";
			};
			name = Debug;
		};
		5DF76C5D29339D6C0030C089 /* Release */ = {
			isa = XCBuildConfiguration;
			buildSettings = {
				ASSETCATALOG_COMPILER_APPICON_NAME = AppIcon;
				ASSETCATALOG_COMPILER_GLOBAL_ACCENT_COLOR_NAME = AccentColor;
				CODE_SIGN_STYLE = Automatic;
				CURRENT_PROJECT_VERSION = 1;
				DEVELOPMENT_ASSET_PATHS = "\"Kripto SwiftUI/Preview Content\"";
				DEVELOPMENT_TEAM = 98S838N7Z3;
				ENABLE_PREVIEWS = YES;
				GENERATE_INFOPLIST_FILE = YES;
				INFOPLIST_KEY_UIApplicationSceneManifest_Generation = YES;
				INFOPLIST_KEY_UIApplicationSupportsIndirectInputEvents = YES;
				INFOPLIST_KEY_UILaunchScreen_Generation = YES;
				INFOPLIST_KEY_UISupportedInterfaceOrientations_iPad = "UIInterfaceOrientationPortrait UIInterfaceOrientationPortraitUpsideDown UIInterfaceOrientationLandscapeLeft UIInterfaceOrientationLandscapeRight";
				INFOPLIST_KEY_UISupportedInterfaceOrientations_iPhone = "UIInterfaceOrientationPortrait UIInterfaceOrientationLandscapeLeft UIInterfaceOrientationLandscapeRight";
				LD_RUNPATH_SEARCH_PATHS = (
					"$(inherited)",
					"@executable_path/Frameworks",
				);
				MARKETING_VERSION = 1.0;
				PRODUCT_BUNDLE_IDENTIFIER = "com.noyancepikkurt.Kripto-SwiftUI";
				PRODUCT_NAME = "$(TARGET_NAME)";
				SWIFT_EMIT_LOC_STRINGS = YES;
				SWIFT_VERSION = 5.0;
				TARGETED_DEVICE_FAMILY = "1,2";
			};
			name = Release;
		};
/* End XCBuildConfiguration section */

/* Begin XCConfigurationList section */
		5DF76C4829339D6B0030C089 /* Build configuration list for PBXProject "Kripto SwiftUI" */ = {
			isa = XCConfigurationList;
			buildConfigurations = (
				5DF76C5929339D6C0030C089 /* Debug */,
				5DF76C5A29339D6C0030C089 /* Release */,
			);
			defaultConfigurationIsVisible = 0;
			defaultConfigurationName = Release;
		};
		5DF76C5B29339D6C0030C089 /* Build configuration list for PBXNativeTarget "Kripto SwiftUI" */ = {
			isa = XCConfigurationList;
			buildConfigurations = (
				5DF76C5C29339D6C0030C089 /* Debug */,
				5DF76C5D29339D6C0030C089 /* Release */,
			);
			defaultConfigurationIsVisible = 0;
			defaultConfigurationName = Release;
		};
/* End XCConfigurationList section */
	};
	rootObject = 5DF76C4529339D6B0030C089 /* Project object */;
}
